// !$*UTF8*$!
{
	archiveVersion = 1;
	classes = {
	};
	objectVersion = 48;
	objects = {

/* Begin PBXBuildFile section */
		5B1483B520711BBE007874E4 /* AppDelegate.m in Sources */ = {isa = PBXBuildFile; fileRef = 5B1483B420711BBE007874E4 /* AppDelegate.m */; };
		5B1483B820711BBE007874E4 /* ViewController.m in Sources */ = {isa = PBXBuildFile; fileRef = 5B1483B720711BBE007874E4 /* ViewController.m */; };
		5B1483BB20711BBE007874E4 /* Main.storyboard in Resources */ = {isa = PBXBuildFile; fileRef = 5B1483B920711BBE007874E4 /* Main.storyboard */; };
		5B1483BE20711BBE007874E4 /* LefaceSDK.xcdatamodeld in Sources */ = {isa = PBXBuildFile; fileRef = 5B1483BC20711BBE007874E4 /* LefaceSDK.xcdatamodeld */; };
		5B1483C020711BBE007874E4 /* Assets.xcassets in Resources */ = {isa = PBXBuildFile; fileRef = 5B1483BF20711BBE007874E4 /* Assets.xcassets */; };
		5B1483C320711BBE007874E4 /* LaunchScreen.storyboard in Resources */ = {isa = PBXBuildFile; fileRef = 5B1483C120711BBE007874E4 /* LaunchScreen.storyboard */; };
		5B1483C620711BBE007874E4 /* main.m in Sources */ = {isa = PBXBuildFile; fileRef = 5B1483C520711BBE007874E4 /* main.m */; };
		5B1483D520711C07007874E4 /* LefaceFrameWork.h in Headers */ = {isa = PBXBuildFile; fileRef = 5B1483D320711C07007874E4 /* LefaceFrameWork.h */; settings = {ATTRIBUTES = (Public, ); }; };
		5B1483D820711C07007874E4 /* LefaceFrameWork.framework in Frameworks */ = {isa = PBXBuildFile; fileRef = 5B1483D120711C07007874E4 /* LefaceFrameWork.framework */; };
		5B1483D920711C07007874E4 /* LefaceFrameWork.framework in Embed Frameworks */ = {isa = PBXBuildFile; fileRef = 5B1483D120711C07007874E4 /* LefaceFrameWork.framework */; settings = {ATTRIBUTES = (CodeSignOnCopy, RemoveHeadersOnCopy, ); }; };
		5B1483E020711C2D007874E4 /* NetTool.h in Headers */ = {isa = PBXBuildFile; fileRef = 5B1483DE20711C2D007874E4 /* NetTool.h */; settings = {ATTRIBUTES = (Public, ); }; };
		5B1483E120711C2D007874E4 /* NetTool.m in Sources */ = {isa = PBXBuildFile; fileRef = 5B1483DF20711C2D007874E4 /* NetTool.m */; };
/* End PBXBuildFile section */

/* Begin PBXContainerItemProxy section */
		5B1483D620711C07007874E4 /* PBXContainerItemProxy */ = {
			isa = PBXContainerItemProxy;
			containerPortal = 5B1483A820711BBE007874E4 /* Project object */;
			proxyType = 1;
			remoteGlobalIDString = 5B1483D020711C07007874E4;
			remoteInfo = LefaceFrameWork;
		};
/* End PBXContainerItemProxy section */

/* Begin PBXCopyFilesBuildPhase section */
		5B1483DD20711C07007874E4 /* Embed Frameworks */ = {
			isa = PBXCopyFilesBuildPhase;
			buildActionMask = 2147483647;
			dstPath = "";
			dstSubfolderSpec = 10;
			files = (
				5B1483D920711C07007874E4 /* LefaceFrameWork.framework in Embed Frameworks */,
			);
			name = "Embed Frameworks";
			runOnlyForDeploymentPostprocessing = 0;
		};
/* End PBXCopyFilesBuildPhase section */

/* Begin PBXFileReference section */
		5B1483B020711BBE007874E4 /* LefaceSDK.app */ = {isa = PBXFileReference; explicitFileType = wrapper.application; includeInIndex = 0; path = LefaceSDK.app; sourceTree = BUILT_PRODUCTS_DIR; };
		5B1483B320711BBE007874E4 /* AppDelegate.h */ = {isa = PBXFileReference; lastKnownFileType = sourcecode.c.h; path = AppDelegate.h; sourceTree = "<group>"; };
		5B1483B420711BBE007874E4 /* AppDelegate.m */ = {isa = PBXFileReference; lastKnownFileType = sourcecode.c.objc; path = AppDelegate.m; sourceTree = "<group>"; };
		5B1483B620711BBE007874E4 /* ViewController.h */ = {isa = PBXFileReference; lastKnownFileType = sourcecode.c.h; path = ViewController.h; sourceTree = "<group>"; };
		5B1483B720711BBE007874E4 /* ViewController.m */ = {isa = PBXFileReference; lastKnownFileType = sourcecode.c.objc; path = ViewController.m; sourceTree = "<group>"; };
		5B1483BA20711BBE007874E4 /* Base */ = {isa = PBXFileReference; lastKnownFileType = file.storyboard; name = Base; path = Base.lproj/Main.storyboard; sourceTree = "<group>"; };
		5B1483BD20711BBE007874E4 /* LefaceSDK.xcdatamodel */ = {isa = PBXFileReference; lastKnownFileType = wrapper.xcdatamodel; path = LefaceSDK.xcdatamodel; sourceTree = "<group>"; };
		5B1483BF20711BBE007874E4 /* Assets.xcassets */ = {isa = PBXFileReference; lastKnownFileType = folder.assetcatalog; path = Assets.xcassets; sourceTree = "<group>"; };
		5B1483C220711BBE007874E4 /* Base */ = {isa = PBXFileReference; lastKnownFileType = file.storyboard; name = Base; path = Base.lproj/LaunchScreen.storyboard; sourceTree = "<group>"; };
		5B1483C420711BBE007874E4 /* Info.plist */ = {isa = PBXFileReference; lastKnownFileType = text.plist.xml; path = Info.plist; sourceTree = "<group>"; };
		5B1483C520711BBE007874E4 /* main.m */ = {isa = PBXFileReference; lastKnownFileType = sourcecode.c.objc; path = main.m; sourceTree = "<group>"; };
		5B1483D120711C07007874E4 /* LefaceFrameWork.framework */ = {isa = PBXFileReference; explicitFileType = wrapper.framework; includeInIndex = 0; path = LefaceFrameWork.framework; sourceTree = BUILT_PRODUCTS_DIR; };
		5B1483D320711C07007874E4 /* LefaceFrameWork.h */ = {isa = PBXFileReference; lastKnownFileType = sourcecode.c.h; path = LefaceFrameWork.h; sourceTree = "<group>"; };
		5B1483D420711C07007874E4 /* Info.plist */ = {isa = PBXFileReference; lastKnownFileType = text.plist.xml; path = Info.plist; sourceTree = "<group>"; };
		5B1483DE20711C2D007874E4 /* NetTool.h */ = {isa = PBXFileReference; lastKnownFileType = sourcecode.c.h; path = NetTool.h; sourceTree = "<group>"; };
		5B1483DF20711C2D007874E4 /* NetTool.m */ = {isa = PBXFileReference; lastKnownFileType = sourcecode.c.objc; path = NetTool.m; sourceTree = "<group>"; };
/* End PBXFileReference section */

/* Begin PBXFrameworksBuildPhase section */
		5B1483AD20711BBE007874E4 /* Frameworks */ = {
			isa = PBXFrameworksBuildPhase;
			buildActionMask = 2147483647;
			files = (
				5B1483D820711C07007874E4 /* LefaceFrameWork.framework in Frameworks */,
			);
			runOnlyForDeploymentPostprocessing = 0;
		};
		5B1483CD20711C07007874E4 /* Frameworks */ = {
			isa = PBXFrameworksBuildPhase;
			buildActionMask = 2147483647;
			files = (
			);
			runOnlyForDeploymentPostprocessing = 0;
		};
/* End PBXFrameworksBuildPhase section */

/* Begin PBXGroup section */
		5B1483A720711BBE007874E4 = {
			isa = PBXGroup;
			children = (
				5B1483B220711BBE007874E4 /* LefaceSDK */,
				5B1483D220711C07007874E4 /* LefaceFrameWork */,
				5B1483B120711BBE007874E4 /* Products */,
			);
			sourceTree = "<group>";
		};
		5B1483B120711BBE007874E4 /* Products */ = {
			isa = PBXGroup;
			children = (
				5B1483B020711BBE007874E4 /* LefaceSDK.app */,
				5B1483D120711C07007874E4 /* LefaceFrameWork.framework */,
			);
			name = Products;
			sourceTree = "<group>";
		};
		5B1483B220711BBE007874E4 /* LefaceSDK */ = {
			isa = PBXGroup;
			children = (
				5B1483B320711BBE007874E4 /* AppDelegate.h */,
				5B1483B420711BBE007874E4 /* AppDelegate.m */,
				5B1483B620711BBE007874E4 /* ViewController.h */,
				5B1483B720711BBE007874E4 /* ViewController.m */,
				5B1483B920711BBE007874E4 /* Main.storyboard */,
				5B1483BF20711BBE007874E4 /* Assets.xcassets */,
				5B1483C120711BBE007874E4 /* LaunchScreen.storyboard */,
				5B1483C420711BBE007874E4 /* Info.plist */,
				5B1483C520711BBE007874E4 /* main.m */,
				5B1483BC20711BBE007874E4 /* LefaceSDK.xcdatamodeld */,
			);
			path = LefaceSDK;
			sourceTree = "<group>";
		};
		5B1483D220711C07007874E4 /* LefaceFrameWork */ = {
			isa = PBXGroup;
			children = (
				5B1483D320711C07007874E4 /* LefaceFrameWork.h */,
				5B1483DE20711C2D007874E4 /* NetTool.h */,
				5B1483DF20711C2D007874E4 /* NetTool.m */,
				5B1483D420711C07007874E4 /* Info.plist */,
			);
			path = LefaceFrameWork;
			sourceTree = "<group>";
		};
/* End PBXGroup section */

/* Begin PBXHeadersBuildPhase section */
		5B1483CE20711C07007874E4 /* Headers */ = {
			isa = PBXHeadersBuildPhase;
			buildActionMask = 2147483647;
			files = (
				5B1483E020711C2D007874E4 /* NetTool.h in Headers */,
				5B1483D520711C07007874E4 /* LefaceFrameWork.h in Headers */,
			);
			runOnlyForDeploymentPostprocessing = 0;
		};
/* End PBXHeadersBuildPhase section */

/* Begin PBXNativeTarget section */
		5B1483AF20711BBE007874E4 /* LefaceSDK */ = {
			isa = PBXNativeTarget;
			buildConfigurationList = 5B1483C920711BBE007874E4 /* Build configuration list for PBXNativeTarget "LefaceSDK" */;
			buildPhases = (
				5B1483AC20711BBE007874E4 /* Sources */,
				5B1483AD20711BBE007874E4 /* Frameworks */,
				5B1483AE20711BBE007874E4 /* Resources */,
				5B1483DD20711C07007874E4 /* Embed Frameworks */,
			);
			buildRules = (
			);
			dependencies = (
				5B1483D720711C07007874E4 /* PBXTargetDependency */,
			);
			name = LefaceSDK;
			productName = LefaceSDK;
			productReference = 5B1483B020711BBE007874E4 /* LefaceSDK.app */;
			productType = "com.apple.product-type.application";
		};
		5B1483D020711C07007874E4 /* LefaceFrameWork */ = {
			isa = PBXNativeTarget;
			buildConfigurationList = 5B1483DA20711C07007874E4 /* Build configuration list for PBXNativeTarget "LefaceFrameWork" */;
			buildPhases = (
				5B1483CC20711C07007874E4 /* Sources */,
				5B1483CD20711C07007874E4 /* Frameworks */,
				5B1483CE20711C07007874E4 /* Headers */,
				5B1483CF20711C07007874E4 /* Resources */,
			);
			buildRules = (
			);
			dependencies = (
			);
			name = LefaceFrameWork;
			productName = LefaceFrameWork;
			productReference = 5B1483D120711C07007874E4 /* LefaceFrameWork.framework */;
			productType = "com.apple.product-type.framework";
		};
/* End PBXNativeTarget section */

/* Begin PBXProject section */
		5B1483A820711BBE007874E4 /* Project object */ = {
			isa = PBXProject;
			attributes = {
				LastUpgradeCheck = 0920;
				ORGANIZATIONNAME = ZhangShuai;
				TargetAttributes = {
					5B1483AF20711BBE007874E4 = {
						CreatedOnToolsVersion = 9.2;
						ProvisioningStyle = Automatic;
					};
					5B1483D020711C07007874E4 = {
						CreatedOnToolsVersion = 9.2;
						ProvisioningStyle = Automatic;
					};
				};
			};
			buildConfigurationList = 5B1483AB20711BBE007874E4 /* Build configuration list for PBXProject "LefaceSDK" */;
			compatibilityVersion = "Xcode 8.0";
			developmentRegion = en;
			hasScannedForEncodings = 0;
			knownRegions = (
				en,
				Base,
			);
			mainGroup = 5B1483A720711BBE007874E4;
			productRefGroup = 5B1483B120711BBE007874E4 /* Products */;
			projectDirPath = "";
			projectRoot = "";
			targets = (
				5B1483AF20711BBE007874E4 /* LefaceSDK */,
				5B1483D020711C07007874E4 /* LefaceFrameWork */,
			);
		};
/* End PBXProject section */

/* Begin PBXResourcesBuildPhase section */
		5B1483AE20711BBE007874E4 /* Resources */ = {
			isa = PBXResourcesBuildPhase;
			buildActionMask = 2147483647;
			files = (
				5B1483C320711BBE007874E4 /* LaunchScreen.storyboard in Resources */,
				5B1483C020711BBE007874E4 /* Assets.xcassets in Resources */,
				5B1483BB20711BBE007874E4 /* Main.storyboard in Resources */,
			);
			runOnlyForDeploymentPostprocessing = 0;
		};
		5B1483CF20711C07007874E4 /* Resources */ = {
			isa = PBXResourcesBuildPhase;
			buildActionMask = 2147483647;
			files = (
			);
			runOnlyForDeploymentPostprocessing = 0;
		};
/* End PBXResourcesBuildPhase section */

/* Begin PBXSourcesBuildPhase section */
		5B1483AC20711BBE007874E4 /* Sources */ = {
			isa = PBXSourcesBuildPhase;
			buildActionMask = 2147483647;
			files = (
				5B1483BE20711BBE007874E4 /* LefaceSDK.xcdatamodeld in Sources */,
				5B1483B820711BBE007874E4 /* ViewController.m in Sources */,
				5B1483C620711BBE007874E4 /* main.m in Sources */,
				5B1483B520711BBE007874E4 /* AppDelegate.m in Sources */,
			);
			runOnlyForDeploymentPostprocessing = 0;
		};
		5B1483CC20711C07007874E4 /* Sources */ = {
			isa = PBXSourcesBuildPhase;
			buildActionMask = 2147483647;
			files = (
				5B1483E120711C2D007874E4 /* NetTool.m in Sources */,
			);
			runOnlyForDeploymentPostprocessing = 0;
		};
/* End PBXSourcesBuildPhase section */

/* Begin PBXTargetDependency section */
		5B1483D720711C07007874E4 /* PBXTargetDependency */ = {
			isa = PBXTargetDependency;
			target = 5B1483D020711C07007874E4 /* LefaceFrameWork */;
			targetProxy = 5B1483D620711C07007874E4 /* PBXContainerItemProxy */;
		};
/* End PBXTargetDependency section */

/* Begin PBXVariantGroup section */
		5B1483B920711BBE007874E4 /* Main.storyboard */ = {
			isa = PBXVariantGroup;
			children = (
				5B1483BA20711BBE007874E4 /* Base */,
			);
			name = Main.storyboard;
			sourceTree = "<group>";
		};
		5B1483C120711BBE007874E4 /* LaunchScreen.storyboard */ = {
			isa = PBXVariantGroup;
			children = (
				5B1483C220711BBE007874E4 /* Base */,
			);
			name = LaunchScreen.storyboard;
			sourceTree = "<group>";
		};
/* End PBXVariantGroup section */

/* Begin XCBuildConfiguration section */
		5B1483C720711BBE007874E4 /* Debug */ = {
			isa = XCBuildConfiguration;
			buildSettings = {
				ALWAYS_SEARCH_USER_PATHS = NO;
				CLANG_ANALYZER_NONNULL = YES;
				CLANG_ANALYZER_NUMBER_OBJECT_CONVERSION = YES_AGGRESSIVE;
				CLANG_CXX_LANGUAGE_STANDARD = "gnu++14";
				CLANG_CXX_LIBRARY = "libc++";
				CLANG_ENABLE_MODULES = YES;
				CLANG_ENABLE_OBJC_ARC = YES;
				CLANG_WARN_BLOCK_CAPTURE_AUTORELEASING = YES;
				CLANG_WARN_BOOL_CONVERSION = YES;
				CLANG_WARN_COMMA = YES;
				CLANG_WARN_CONSTANT_CONVERSION = YES;
				CLANG_WARN_DIRECT_OBJC_ISA_USAGE = YES_ERROR;
				CLANG_WARN_DOCUMENTATION_COMMENTS = YES;
				CLANG_WARN_EMPTY_BODY = YES;
				CLANG_WARN_ENUM_CONVERSION = YES;
				CLANG_WARN_INFINITE_RECURSION = YES;
				CLANG_WARN_INT_CONVERSION = YES;
				CLANG_WARN_NON_LITERAL_NULL_CONVERSION = YES;
				CLANG_WARN_OBJC_LITERAL_CONVERSION = YES;
				CLANG_WARN_OBJC_ROOT_CLASS = YES_ERROR;
				CLANG_WARN_RANGE_LOOP_ANALYSIS = YES;
				CLANG_WARN_STRICT_PROTOTYPES = YES;
				CLANG_WARN_SUSPICIOUS_MOVE = YES;
				CLANG_WARN_UNGUARDED_AVAILABILITY = YES_AGGRESSIVE;
				CLANG_WARN_UNREACHABLE_CODE = YES;
				CLANG_WARN__DUPLICATE_METHOD_MATCH = YES;
				CODE_SIGN_IDENTITY = "iPhone Developer";
				COPY_PHASE_STRIP = NO;
				DEBUG_INFORMATION_FORMAT = dwarf;
				ENABLE_STRICT_OBJC_MSGSEND = YES;
				ENABLE_TESTABILITY = YES;
				GCC_C_LANGUAGE_STANDARD = gnu11;
				GCC_DYNAMIC_NO_PIC = NO;
				GCC_NO_COMMON_BLOCKS = YES;
				GCC_OPTIMIZATION_LEVEL = 0;
				GCC_PREPROCESSOR_DEFINITIONS = (
					"DEBUG=1",
					"$(inherited)",
				);
				GCC_WARN_64_TO_32_BIT_CONVERSION = YES;
				GCC_WARN_ABOUT_RETURN_TYPE = YES_ERROR;
				GCC_WARN_UNDECLARED_SELECTOR = YES;
				GCC_WARN_UNINITIALIZED_AUTOS = YES_AGGRESSIVE;
				GCC_WARN_UNUSED_FUNCTION = YES;
				GCC_WARN_UNUSED_VARIABLE = YES;
				IPHONEOS_DEPLOYMENT_TARGET = 11.2;
				MTL_ENABLE_DEBUG_INFO = YES;
				ONLY_ACTIVE_ARCH = YES;
				SDKROOT = iphoneos;
			};
			name = Debug;
		};
		5B1483C820711BBE007874E4 /* Release */ = {
			isa = XCBuildConfiguration;
			buildSettings = {
				ALWAYS_SEARCH_USER_PATHS = NO;
				CLANG_ANALYZER_NONNULL = YES;
				CLANG_ANALYZER_NUMBER_OBJECT_CONVERSION = YES_AGGRESSIVE;
				CLANG_CXX_LANGUAGE_STANDARD = "gnu++14";
				CLANG_CXX_LIBRARY = "libc++";
				CLANG_ENABLE_MODULES = YES;
				CLANG_ENABLE_OBJC_ARC = YES;
				CLANG_WARN_BLOCK_CAPTURE_AUTORELEASING = YES;
				CLANG_WARN_BOOL_CONVERSION = YES;
				CLANG_WARN_COMMA = YES;
				CLANG_WARN_CONSTANT_CONVERSION = YES;
				CLANG_WARN_DIRECT_OBJC_ISA_USAGE = YES_ERROR;
				CLANG_WARN_DOCUMENTATION_COMMENTS = YES;
				CLANG_WARN_EMPTY_BODY = YES;
				CLANG_WARN_ENUM_CONVERSION = YES;
				CLANG_WARN_INFINITE_RECURSION = YES;
				CLANG_WARN_INT_CONVERSION = YES;
				CLANG_WARN_NON_LITERAL_NULL_CONVERSION = YES;
				CLANG_WARN_OBJC_LITERAL_CONVERSION = YES;
				CLANG_WARN_OBJC_ROOT_CLASS = YES_ERROR;
				CLANG_WARN_RANGE_LOOP_ANALYSIS = YES;
				CLANG_WARN_STRICT_PROTOTYPES = YES;
				CLANG_WARN_SUSPICIOUS_MOVE = YES;
				CLANG_WARN_UNGUARDED_AVAILABILITY = YES_AGGRESSIVE;
				CLANG_WARN_UNREACHABLE_CODE = YES;
				CLANG_WARN__DUPLICATE_METHOD_MATCH = YES;
				CODE_SIGN_IDENTITY = "iPhone Developer";
				COPY_PHASE_STRIP = NO;
				DEBUG_INFORMATION_FORMAT = "dwarf-with-dsym";
				ENABLE_NS_ASSERTIONS = NO;
				ENABLE_STRICT_OBJC_MSGSEND = YES;
				GCC_C_LANGUAGE_STANDARD = gnu11;
				GCC_NO_COMMON_BLOCKS = YES;
				GCC_WARN_64_TO_32_BIT_CONVERSION = YES;
				GCC_WARN_ABOUT_RETURN_TYPE = YES_ERROR;
				GCC_WARN_UNDECLARED_SELECTOR = YES;
				GCC_WARN_UNINITIALIZED_AUTOS = YES_AGGRESSIVE;
				GCC_WARN_UNUSED_FUNCTION = YES;
				GCC_WARN_UNUSED_VARIABLE = YES;
				IPHONEOS_DEPLOYMENT_TARGET = 11.2;
				MTL_ENABLE_DEBUG_INFO = NO;
				SDKROOT = iphoneos;
				VALIDATE_PRODUCT = YES;
			};
			name = Release;
		};
		5B1483CA20711BBE007874E4 /* Debug */ = {
			isa = XCBuildConfiguration;
			buildSettings = {
				ASSETCATALOG_COMPILER_APPICON_NAME = AppIcon;
				CODE_SIGN_STYLE = Automatic;
				DEVELOPMENT_TEAM = 95U7UBQYXE;
				INFOPLIST_FILE = LefaceSDK/Info.plist;
				LD_RUNPATH_SEARCH_PATHS = "$(inherited) @executable_path/Frameworks";
				PRODUCT_BUNDLE_IDENTIFIER = com.Shuai.LefaceSDK;
				PRODUCT_NAME = "$(TARGET_NAME)";
				TARGETED_DEVICE_FAMILY = "1,2";
			};
			name = Debug;
		};
		5B1483CB20711BBE007874E4 /* Release */ = {
			isa = XCBuildConfiguration;
			buildSettings = {
				ASSETCATALOG_COMPILER_APPICON_NAME = AppIcon;
				CODE_SIGN_STYLE = Automatic;
				DEVELOPMENT_TEAM = 95U7UBQYXE;
				INFOPLIST_FILE = LefaceSDK/Info.plist;
				LD_RUNPATH_SEARCH_PATHS = "$(inherited) @executable_path/Frameworks";
				PRODUCT_BUNDLE_IDENTIFIER = com.Shuai.LefaceSDK;
				PRODUCT_NAME = "$(TARGET_NAME)";
				TARGETED_DEVICE_FAMILY = "1,2";
			};
			name = Release;
		};
		5B1483DB20711C07007874E4 /* Debug */ = {
			isa = XCBuildConfiguration;
			buildSettings = {
				CODE_SIGN_IDENTITY = "";
				CODE_SIGN_STYLE = Automatic;
				CURRENT_PROJECT_VERSION = 1;
				DEFINES_MODULE = YES;
				DEVELOPMENT_TEAM = 95U7UBQYXE;
				DYLIB_COMPATIBILITY_VERSION = 1;
				DYLIB_CURRENT_VERSION = 1;
				DYLIB_INSTALL_NAME_BASE = "@rpath";
				INFOPLIST_FILE = LefaceFrameWork/Info.plist;
				INSTALL_PATH = "$(LOCAL_LIBRARY_DIR)/Frameworks";
				LD_RUNPATH_SEARCH_PATHS = "$(inherited) @executable_path/Frameworks @loader_path/Frameworks";
				PRODUCT_BUNDLE_IDENTIFIER = com.Shuai.LefaceFrameWork;
				PRODUCT_NAME = "$(TARGET_NAME:c99extidentifier)";
				SKIP_INSTALL = YES;
				TARGETED_DEVICE_FAMILY = "1,2";
				VERSIONING_SYSTEM = "apple-generic";
				VERSION_INFO_PREFIX = "";
			};
			name = Debug;
		};
		5B1483DC20711C07007874E4 /* Release */ = {
			isa = XCBuildConfiguration;
			buildSettings = {
				CODE_SIGN_IDENTITY = "";
				CODE_SIGN_STYLE = Automatic;
				CURRENT_PROJECT_VERSION = 1;
				DEFINES_MODULE = YES;
				DEVELOPMENT_TEAM = 95U7UBQYXE;
				DYLIB_COMPATIBILITY_VERSION = 1;
				DYLIB_CURRENT_VERSION = 1;
				DYLIB_INSTALL_NAME_BASE = "@rpath";
				INFOPLIST_FILE = LefaceFrameWork/Info.plist;
				INSTALL_PATH = "$(LOCAL_LIBRARY_DIR)/Frameworks";
				LD_RUNPATH_SEARCH_PATHS = "$(inherited) @executable_path/Frameworks @loader_path/Frameworks";
				PRODUCT_BUNDLE_IDENTIFIER = com.Shuai.LefaceFrameWork;
				PRODUCT_NAME = "$(TARGET_NAME:c99extidentifier)";
				SKIP_INSTALL = YES;
				TARGETED_DEVICE_FAMILY = "1,2";
				VERSIONING_SYSTEM = "apple-generic";
				VERSION_INFO_PREFIX = "";
			};
			name = Release;
		};
/* End XCBuildConfiguration section */

/* Begin XCConfigurationList section */
		5B1483AB20711BBE007874E4 /* Build configuration list for PBXProject "LefaceSDK" */ = {
			isa = XCConfigurationList;
			buildConfigurations = (
				5B1483C720711BBE007874E4 /* Debug */,
				5B1483C820711BBE007874E4 /* Release */,
			);
			defaultConfigurationIsVisible = 0;
			defaultConfigurationName = Release;
		};
		5B1483C920711BBE007874E4 /* Build configuration list for PBXNativeTarget "LefaceSDK" */ = {
			isa = XCConfigurationList;
			buildConfigurations = (
				5B1483CA20711BBE007874E4 /* Debug */,
				5B1483CB20711BBE007874E4 /* Release */,
			);
			defaultConfigurationIsVisible = 0;
			defaultConfigurationName = Release;
		};
		5B1483DA20711C07007874E4 /* Build configuration list for PBXNativeTarget "LefaceFrameWork" */ = {
			isa = XCConfigurationList;
			buildConfigurations = (
				5B1483DB20711C07007874E4 /* Debug */,
				5B1483DC20711C07007874E4 /* Release */,
			);
			defaultConfigurationIsVisible = 0;
			defaultConfigurationName = Release;
		};
/* End XCConfigurationList section */

/* Begin XCVersionGroup section */
		5B1483BC20711BBE007874E4 /* LefaceSDK.xcdatamodeld */ = {
			isa = XCVersionGroup;
			children = (
				5B1483BD20711BBE007874E4 /* LefaceSDK.xcdatamodel */,
			);
			currentVersion = 5B1483BD20711BBE007874E4 /* LefaceSDK.xcdatamodel */;
			path = LefaceSDK.xcdatamodeld;
			sourceTree = "<group>";
			versionGroupType = wrapper.xcdatamodel;
		};
/* End XCVersionGroup section */
	};
	rootObject = 5B1483A820711BBE007874E4 /* Project object */;
}
